Microsoft Visual Studio Solution File, Format Version 12.00
# Visual Studio Version 17
VisualStudioVersion = 17.5.2.0
MinimumVisualStudioVersion = 10.0.40219.1
Project("{FAE04EC0-301F-11D3-BF4B-00C04F79EFBC}") = "AlertrixAPI", "AlertrixAPI\AlertrixAPI.csproj", "{0B5E36DA-2CC1-769D-40F5-886E802688AA}"
EndProject
Global
	GlobalSection(SolutionConfigurationPlatforms) = preSolution
		Debug|Any CPU = Debug|Any CPU
		Release|Any CPU = Release|Any CPU
	EndGlobalSection
	GlobalSection(ProjectConfigurationPlatforms) = postSolution
		{0B5E36DA-2CC1-769D-40F5-886E802688AA}.Debug|Any CPU.ActiveCfg = Debug|Any CPU
		{0B5E36DA-2CC1-769D-40F5-886E802688AA}.Debug|Any CPU.Build.0 = Debug|Any CPU
		{0B5E36DA-2CC1-769D-40F5-886E802688AA}.Release|Any CPU.ActiveCfg = Release|Any CPU
		{0B5E36DA-2CC1-769D-40F5-886E802688AA}.Release|Any CPU.Build.0 = Release|Any CPU
	EndGlobalSection
	GlobalSection(SolutionProperties) = preSolution
		HideSolutionNode = FALSE
	EndGlobalSection
	GlobalSection(ExtensibilityGlobals) = postSolution
		SolutionGuid = {4D90FFB7-6E1B-47EB-A978-DA3712A0C5C4}
	EndGlobalSection
EndGlobal
